
Microsoft Visual Studio Solution File, Format Version 12.00
# Visual Studio 14
VisualStudioVersion = 14.0.24720.0
MinimumVisualStudioVersion = 10.0.40219.1
Project("{FAE04EC0-301F-11D3-BF4B-00C04F79EFBC}") = "ExampleBot", "ExampleBot\ExampleBot.csproj", "{812AD6A8-248E-421A-B32E-070BEA037589}"
EndProject
Project("{FAE04EC0-301F-11D3-BF4B-00C04F79EFBC}") = "MyRunner", "MyRunner\MyRunner.csproj", "{870CD116-7248-4F82-9DAA-D62B84009D7C}"
	ProjectSection(ProjectDependencies) = postProject
		{6AC3017D-E37C-4B28-940E-06155797400D} = {6AC3017D-E37C-4B28-940E-06155797400D}
	EndProjectSection
EndProject
Project("{FAE04EC0-301F-11D3-BF4B-00C04F79EFBC}") = "GameInterface", "GameInterface\GameInterface.csproj", "{29A73B57-A509-4A85-AA90-1C4677994208}"
EndProject
Project("{FAE04EC0-301F-11D3-BF4B-00C04F79EFBC}") = "PostRunner", "PostRunner\PostRunner.csproj", "{B745554F-3156-4808-A9B0-9BD614663CF2}"
EndProject
Project("{FAE04EC0-301F-11D3-BF4B-00C04F79EFBC}") = "Virtualizer", "Virtualizer\Virtualizer.csproj", "{6AC3017D-E37C-4B28-940E-06155797400D}"
EndProject
Global
	GlobalSection(SolutionConfigurationPlatforms) = preSolution
		Debug|Any CPU = Debug|Any CPU
		Release|Any CPU = Release|Any CPU
	EndGlobalSection
	GlobalSection(ProjectConfigurationPlatforms) = postSolution
		{812AD6A8-248E-421A-B32E-070BEA037589}.Debug|Any CPU.ActiveCfg = Debug|Any CPU
		{812AD6A8-248E-421A-B32E-070BEA037589}.Debug|Any CPU.Build.0 = Debug|Any CPU
		{812AD6A8-248E-421A-B32E-070BEA037589}.Release|Any CPU.ActiveCfg = Release|Any CPU
		{812AD6A8-248E-421A-B32E-070BEA037589}.Release|Any CPU.Build.0 = Release|Any CPU
		{870CD116-7248-4F82-9DAA-D62B84009D7C}.Debug|Any CPU.ActiveCfg = Debug|Any CPU
		{870CD116-7248-4F82-9DAA-D62B84009D7C}.Debug|Any CPU.Build.0 = Debug|Any CPU
		{870CD116-7248-4F82-9DAA-D62B84009D7C}.Release|Any CPU.ActiveCfg = Release|Any CPU
		{870CD116-7248-4F82-9DAA-D62B84009D7C}.Release|Any CPU.Build.0 = Release|Any CPU
		{29A73B57-A509-4A85-AA90-1C4677994208}.Debug|Any CPU.ActiveCfg = Debug|Any CPU
		{29A73B57-A509-4A85-AA90-1C4677994208}.Debug|Any CPU.Build.0 = Debug|Any CPU
		{29A73B57-A509-4A85-AA90-1C4677994208}.Release|Any CPU.ActiveCfg = Release|Any CPU
		{29A73B57-A509-4A85-AA90-1C4677994208}.Release|Any CPU.Build.0 = Release|Any CPU
		{B745554F-3156-4808-A9B0-9BD614663CF2}.Debug|Any CPU.ActiveCfg = Debug|Any CPU
		{B745554F-3156-4808-A9B0-9BD614663CF2}.Debug|Any CPU.Build.0 = Debug|Any CPU
		{B745554F-3156-4808-A9B0-9BD614663CF2}.Release|Any CPU.ActiveCfg = Release|Any CPU
		{B745554F-3156-4808-A9B0-9BD614663CF2}.Release|Any CPU.Build.0 = Release|Any CPU
		{6AC3017D-E37C-4B28-940E-06155797400D}.Debug|Any CPU.ActiveCfg = Debug|Any CPU
		{6AC3017D-E37C-4B28-940E-06155797400D}.Debug|Any CPU.Build.0 = Debug|Any CPU
		{6AC3017D-E37C-4B28-940E-06155797400D}.Release|Any CPU.ActiveCfg = Release|Any CPU
		{6AC3017D-E37C-4B28-940E-06155797400D}.Release|Any CPU.Build.0 = Release|Any CPU
	EndGlobalSection
	GlobalSection(SolutionProperties) = preSolution
		HideSolutionNode = FALSE
	EndGlobalSection
EndGlobal
